
Microsoft Visual Studio Solution File, Format Version 12.00
# Visual Studio Version 17
VisualStudioVersion = 17.9.34723.18
MinimumVisualStudioVersion = 10.0.40219.1
Project("{FAE04EC0-301F-11D3-BF4B-00C04F79EFBC}") = "API_Burger", "API_Burger.csproj", "{AB98CE59-6C18-42BF-8444-CFDDE4580B51}"
EndProject
Global
	GlobalSection(SolutionConfigurationPlatforms) = preSolution
		Debug|Any CPU = Debug|Any CPU
		Release|Any CPU = Release|Any CPU
	EndGlobalSection
	GlobalSection(ProjectConfigurationPlatforms) = postSolution
		{AB98CE59-6C18-42BF-8444-CFDDE4580B51}.Debug|Any CPU.ActiveCfg = Debug|Any CPU
		{AB98CE59-6C18-42BF-8444-CFDDE4580B51}.Debug|Any CPU.Build.0 = Debug|Any CPU
		{AB98CE59-6C18-42BF-8444-CFDDE4580B51}.Release|Any CPU.ActiveCfg = Release|Any CPU
		{AB98CE59-6C18-42BF-8444-CFDDE4580B51}.Release|Any CPU.Build.0 = Release|Any CPU
	EndGlobalSection
	GlobalSection(SolutionProperties) = preSolution
		HideSolutionNode = FALSE
	EndGlobalSection
	GlobalSection(ExtensibilityGlobals) = postSolution
		SolutionGuid = {7C5567A5-B2D5-495B-9E98-9AA759B884E4}
	EndGlobalSection
EndGlobal
